
Microsoft Visual Studio Solution File, Format Version 12.00
# Visual Studio 14
VisualStudioVersion = 14.0.24720.0
MinimumVisualStudioVersion = 10.0.40219.1
Project("{E24C65DC-7377-472B-9ABA-BC803B73C61A}") = "TestCandy", "..\..\WebSites\TestCandy\", "{378BE209-1AC9-49F6-BA61-153A6276F0ED}"
	ProjectSection(WebsiteProperties) = preProject
		TargetFrameworkMoniker = ".NETFramework,Version%3Dv4.5.2"
		Debug.AspNetCompiler.VirtualPath = "/localhost_61516"
		Debug.AspNetCompiler.PhysicalPath = "..\..\WebSites\TestCandy\"
		Debug.AspNetCompiler.TargetPath = "PrecompiledWeb\localhost_61516\"
		Debug.AspNetCompiler.Updateable = "true"
		Debug.AspNetCompiler.ForceOverwrite = "true"
		Debug.AspNetCompiler.FixedNames = "false"
		Debug.AspNetCompiler.Debug = "True"
		Release.AspNetCompiler.VirtualPath = "/localhost_61516"
		Release.AspNetCompiler.PhysicalPath = "..\..\WebSites\TestCandy\"
		Release.AspNetCompiler.TargetPath = "PrecompiledWeb\localhost_61516\"
		Release.AspNetCompiler.Updateable = "true"
		Release.AspNetCompiler.ForceOverwrite = "true"
		Release.AspNetCompiler.FixedNames = "false"
		Release.AspNetCompiler.Debug = "False"
		VWDPort = "61516"
		SlnRelativePath = "..\..\WebSites\TestCandy\"
		DefaultWebSiteLanguage = "Visual C#"
	EndProjectSection
EndProject
Global
	GlobalSection(SolutionConfigurationPlatforms) = preSolution
		Debug|Any CPU = Debug|Any CPU
	EndGlobalSection
	GlobalSection(ProjectConfigurationPlatforms) = postSolution
		{378BE209-1AC9-49F6-BA61-153A6276F0ED}.Debug|Any CPU.ActiveCfg = Debug|Any CPU
		{378BE209-1AC9-49F6-BA61-153A6276F0ED}.Debug|Any CPU.Build.0 = Debug|Any CPU
	EndGlobalSection
	GlobalSection(SolutionProperties) = preSolution
		HideSolutionNode = FALSE
	EndGlobalSection
EndGlobal
